
Microsoft Visual Studio Solution File, Format Version 12.00
# Visual Studio Version 17
VisualStudioVersion = 17.9.34728.123
MinimumVisualStudioVersion = 10.0.40219.1
Project("{FAE04EC0-301F-11D3-BF4B-00C04F79EFBC}") = "ListLoopPerformance", "ListLoopPerformance\ListLoopPerformance.csproj", "{5284AB40-F153-43DC-971A-87592E68E243}"
EndProject
Global
	GlobalSection(SolutionConfigurationPlatforms) = preSolution
		Debug|Any CPU = Debug|Any CPU
		Release|Any CPU = Release|Any CPU
	EndGlobalSection
	GlobalSection(ProjectConfigurationPlatforms) = postSolution
		{5284AB40-F153-43DC-971A-87592E68E243}.Debug|Any CPU.ActiveCfg = Debug|Any CPU
		{5284AB40-F153-43DC-971A-87592E68E243}.Debug|Any CPU.Build.0 = Debug|Any CPU
		{5284AB40-F153-43DC-971A-87592E68E243}.Release|Any CPU.ActiveCfg = Release|Any CPU
		{5284AB40-F153-43DC-971A-87592E68E243}.Release|Any CPU.Build.0 = Release|Any CPU
	EndGlobalSection
	GlobalSection(SolutionProperties) = preSolution
		HideSolutionNode = FALSE
	EndGlobalSection
	GlobalSection(ExtensibilityGlobals) = postSolution
		SolutionGuid = {86A62CC0-2F79-43D8-8C35-E9FF44C56775}
	EndGlobalSection
EndGlobal
