
Microsoft Visual Studio Solution File, Format Version 12.00
# Visual Studio Version 17
VisualStudioVersion = 17.5.002.0
MinimumVisualStudioVersion = 10.0.40219.1
Project("{9A19103F-16F7-4668-BE54-9A1E7A4F7556}") = "ListLoopPerformance", "ListLoopPerformance.csproj", "{8E1C32A0-FAFE-4814-92B7-79BEE33ADA5A}"
EndProject
Project("{2150E333-8FDC-42A3-9474-1A3956D46DE8}") = "bin", "bin", "{09164C97-C2EC-40D7-B10E-3771E5D8A7C5}"
EndProject
Project("{2150E333-8FDC-42A3-9474-1A3956D46DE8}") = "Release", "Release", "{D88A37DF-209D-48C7-966D-020C7C54AE8E}"
EndProject
Project("{2150E333-8FDC-42A3-9474-1A3956D46DE8}") = "net472", "net472", "{FF7C9796-667E-451A-9A36-51661F1BA572}"
EndProject
Project("{9A19103F-16F7-4668-BE54-9A1E7A4F7556}") = "BenchmarkDotNet.Autogenerated", "bin\Release\net472\b0ab7a78-072a-4f62-a092-12c90949f6d1\BenchmarkDotNet.Autogenerated.csproj", "{7AACECE4-1A6E-4794-BDE5-7BDAAD435F37}"
EndProject
Project("{9A19103F-16F7-4668-BE54-9A1E7A4F7556}") = "BenchmarkDotNet.Autogenerated (1)", "bin\Release\net472\ffb067c2-dc46-494f-8b16-f737ad4c6642\BenchmarkDotNet.Autogenerated.csproj", "{ED3BDCE2-C00F-4162-A81B-23EF21D810AB}"
EndProject
Project("{2150E333-8FDC-42A3-9474-1A3956D46DE8}") = "net8.0", "net8.0", "{000C16E3-9A38-4AF7-9461-53BD8E29827F}"
EndProject
Project("{9A19103F-16F7-4668-BE54-9A1E7A4F7556}") = "BenchmarkDotNet.Autogenerated", "bin\Release\net8.0\a520f206-8651-4cf8-a28d-c10fc817d5d4\BenchmarkDotNet.Autogenerated.csproj", "{ED5AC0A9-9285-40F3-91F4-212754F5E76A}"
EndProject
Project("{9A19103F-16F7-4668-BE54-9A1E7A4F7556}") = "BenchmarkDotNet.Autogenerated (1)", "bin\Release\net8.0\b3f54c0c-5b0d-4cfd-8563-6aace4981f18\BenchmarkDotNet.Autogenerated.csproj", "{B29A4F46-E7BB-41D7-8B11-907FB66BB996}"
EndProject
Global
	GlobalSection(SolutionConfigurationPlatforms) = preSolution
		Debug|Any CPU = Debug|Any CPU
		Release|Any CPU = Release|Any CPU
	EndGlobalSection
	GlobalSection(ProjectConfigurationPlatforms) = postSolution
		{8E1C32A0-FAFE-4814-92B7-79BEE33ADA5A}.Debug|Any CPU.ActiveCfg = Debug|Any CPU
		{8E1C32A0-FAFE-4814-92B7-79BEE33ADA5A}.Debug|Any CPU.Build.0 = Debug|Any CPU
		{8E1C32A0-FAFE-4814-92B7-79BEE33ADA5A}.Release|Any CPU.ActiveCfg = Release|Any CPU
		{8E1C32A0-FAFE-4814-92B7-79BEE33ADA5A}.Release|Any CPU.Build.0 = Release|Any CPU
		{7AACECE4-1A6E-4794-BDE5-7BDAAD435F37}.Debug|Any CPU.ActiveCfg = Debug|Any CPU
		{7AACECE4-1A6E-4794-BDE5-7BDAAD435F37}.Debug|Any CPU.Build.0 = Debug|Any CPU
		{7AACECE4-1A6E-4794-BDE5-7BDAAD435F37}.Release|Any CPU.ActiveCfg = Release|Any CPU
		{7AACECE4-1A6E-4794-BDE5-7BDAAD435F37}.Release|Any CPU.Build.0 = Release|Any CPU
		{ED3BDCE2-C00F-4162-A81B-23EF21D810AB}.Debug|Any CPU.ActiveCfg = Debug|Any CPU
		{ED3BDCE2-C00F-4162-A81B-23EF21D810AB}.Debug|Any CPU.Build.0 = Debug|Any CPU
		{ED3BDCE2-C00F-4162-A81B-23EF21D810AB}.Release|Any CPU.ActiveCfg = Release|Any CPU
		{ED3BDCE2-C00F-4162-A81B-23EF21D810AB}.Release|Any CPU.Build.0 = Release|Any CPU
		{ED5AC0A9-9285-40F3-91F4-212754F5E76A}.Debug|Any CPU.ActiveCfg = Debug|Any CPU
		{ED5AC0A9-9285-40F3-91F4-212754F5E76A}.Debug|Any CPU.Build.0 = Debug|Any CPU
		{ED5AC0A9-9285-40F3-91F4-212754F5E76A}.Release|Any CPU.ActiveCfg = Release|Any CPU
		{ED5AC0A9-9285-40F3-91F4-212754F5E76A}.Release|Any CPU.Build.0 = Release|Any CPU
		{B29A4F46-E7BB-41D7-8B11-907FB66BB996}.Debug|Any CPU.ActiveCfg = Debug|Any CPU
		{B29A4F46-E7BB-41D7-8B11-907FB66BB996}.Debug|Any CPU.Build.0 = Debug|Any CPU
		{B29A4F46-E7BB-41D7-8B11-907FB66BB996}.Release|Any CPU.ActiveCfg = Release|Any CPU
		{B29A4F46-E7BB-41D7-8B11-907FB66BB996}.Release|Any CPU.Build.0 = Release|Any CPU
	EndGlobalSection
	GlobalSection(SolutionProperties) = preSolution
		HideSolutionNode = FALSE
	EndGlobalSection
	GlobalSection(NestedProjects) = preSolution
		{D88A37DF-209D-48C7-966D-020C7C54AE8E} = {09164C97-C2EC-40D7-B10E-3771E5D8A7C5}
		{FF7C9796-667E-451A-9A36-51661F1BA572} = {D88A37DF-209D-48C7-966D-020C7C54AE8E}
		{7AACECE4-1A6E-4794-BDE5-7BDAAD435F37} = {FF7C9796-667E-451A-9A36-51661F1BA572}
		{ED3BDCE2-C00F-4162-A81B-23EF21D810AB} = {FF7C9796-667E-451A-9A36-51661F1BA572}
		{000C16E3-9A38-4AF7-9461-53BD8E29827F} = {D88A37DF-209D-48C7-966D-020C7C54AE8E}
		{ED5AC0A9-9285-40F3-91F4-212754F5E76A} = {000C16E3-9A38-4AF7-9461-53BD8E29827F}
		{B29A4F46-E7BB-41D7-8B11-907FB66BB996} = {000C16E3-9A38-4AF7-9461-53BD8E29827F}
	EndGlobalSection
	GlobalSection(ExtensibilityGlobals) = postSolution
		SolutionGuid = {A05116BA-D9E5-419B-B650-735D216EFED3}
	EndGlobalSection
EndGlobal
